
Microsoft Visual Studio Solution File, Format Version 12.00
# Visual Studio Version 16
VisualStudioVersion = 16.0.30128.74
MinimumVisualStudioVersion = 10.0.40219.1
Project("{FAE04EC0-301F-11D3-BF4B-00C04F79EFBC}") = "restaurantSystem", "restaurantSystem.csproj", "{5983EB85-2BAB-4E45-95D1-5F39106597A1}"
EndProject
Global
	GlobalSection(SolutionConfigurationPlatforms) = preSolution
		Debug|Any CPU = Debug|Any CPU
		Release|Any CPU = Release|Any CPU
	EndGlobalSection
	GlobalSection(ProjectConfigurationPlatforms) = postSolution
		{5983EB85-2BAB-4E45-95D1-5F39106597A1}.Debug|Any CPU.ActiveCfg = Debug|Any CPU
		{5983EB85-2BAB-4E45-95D1-5F39106597A1}.Debug|Any CPU.Build.0 = Debug|Any CPU
		{5983EB85-2BAB-4E45-95D1-5F39106597A1}.Release|Any CPU.ActiveCfg = Release|Any CPU
		{5983EB85-2BAB-4E45-95D1-5F39106597A1}.Release|Any CPU.Build.0 = Release|Any CPU
	EndGlobalSection
	GlobalSection(SolutionProperties) = preSolution
		HideSolutionNode = FALSE
	EndGlobalSection
	GlobalSection(ExtensibilityGlobals) = postSolution
		SolutionGuid = {925D114F-D40D-4968-8F62-7DDD8A714B8F}
	EndGlobalSection
EndGlobal
